
Microsoft Visual Studio Solution File, Format Version 12.00
# Visual Studio Version 17
VisualStudioVersion = 17.2.32526.322
MinimumVisualStudioVersion = 10.0.40219.1
Project("{9A19103F-16F7-4668-BE54-9A1E7A4F7556}") = "01. Age", "Basix Syntax\01. Age.csproj", "{FE5F87E1-F5E0-4707-9A37-A0D81B634DE3}"
EndProject
Project("{9A19103F-16F7-4668-BE54-9A1E7A4F7556}") = "02. Division", "02. Division\02. Division.csproj", "{E2099B1E-E67B-44BF-BF83-581808B62B27}"
EndProject
Project("{9A19103F-16F7-4668-BE54-9A1E7A4F7556}") = "03. Vacation", "03\03. Vacation.csproj", "{C26A7233-AB79-4B4E-95E7-F8EDD574678A}"
EndProject
Project("{9A19103F-16F7-4668-BE54-9A1E7A4F7556}") = "05.  Login", "05.  Login\05.  Login.csproj", "{10EC6EED-7A13-4D3F-894E-B62CBD7AF791}"
EndProject
Project("{9A19103F-16F7-4668-BE54-9A1E7A4F7556}") = "06. StrongNumber", "06. StrongNumber\06. StrongNumber.csproj", "{997F6774-6E54-410F-8E33-DD4A0AD43861}"
EndProject
Project("{9A19103F-16F7-4668-BE54-9A1E7A4F7556}") = "04. Print and sum", "04. Print and sum\04. Print and sum.csproj", "{DD8B685B-C2C6-4D12-8A63-603B46D38B0A}"
EndProject
Project("{9A19103F-16F7-4668-BE54-9A1E7A4F7556}") = "08. Triangle of Numbers", "08. Triangle of Numbers\08. Triangle of Numbers.csproj", "{E79E5014-D455-4966-92CF-5F7D3DF3A25F}"
EndProject
Project("{9A19103F-16F7-4668-BE54-9A1E7A4F7556}") = "07. Vending Machine", "07. Vending Machine\07. Vending Machine.csproj", "{9501C346-B9DA-4C27-8AC2-85C627758290}"
EndProject
Project("{9A19103F-16F7-4668-BE54-9A1E7A4F7556}") = "10. Rage Expenses", "10. Rage Expenses\10. Rage Expenses.csproj", "{5477F7BD-20FE-48D0-9753-7F6E4B786158}"
EndProject
Project("{FAE04EC0-301F-11D3-BF4B-00C04F79EFBC}") = "09. Padawan Equipment", "09. Padawan Equipment\09. Padawan Equipment.csproj", "{01D4532D-FE0E-44C8-B9DF-4BADF475811F}"
EndProject
Project("{FAE04EC0-301F-11D3-BF4B-00C04F79EFBC}") = "11.  Orders", "11.  Orders\11.  Orders.csproj", "{4865FE6A-B77B-46B1-A062-69342D9E5E8F}"
EndProject
Global
	GlobalSection(SolutionConfigurationPlatforms) = preSolution
		Debug|Any CPU = Debug|Any CPU
		Release|Any CPU = Release|Any CPU
	EndGlobalSection
	GlobalSection(ProjectConfigurationPlatforms) = postSolution
		{FE5F87E1-F5E0-4707-9A37-A0D81B634DE3}.Debug|Any CPU.ActiveCfg = Debug|Any CPU
		{FE5F87E1-F5E0-4707-9A37-A0D81B634DE3}.Debug|Any CPU.Build.0 = Debug|Any CPU
		{FE5F87E1-F5E0-4707-9A37-A0D81B634DE3}.Release|Any CPU.ActiveCfg = Release|Any CPU
		{FE5F87E1-F5E0-4707-9A37-A0D81B634DE3}.Release|Any CPU.Build.0 = Release|Any CPU
		{E2099B1E-E67B-44BF-BF83-581808B62B27}.Debug|Any CPU.ActiveCfg = Debug|Any CPU
		{E2099B1E-E67B-44BF-BF83-581808B62B27}.Debug|Any CPU.Build.0 = Debug|Any CPU
		{E2099B1E-E67B-44BF-BF83-581808B62B27}.Release|Any CPU.ActiveCfg = Release|Any CPU
		{E2099B1E-E67B-44BF-BF83-581808B62B27}.Release|Any CPU.Build.0 = Release|Any CPU
		{C26A7233-AB79-4B4E-95E7-F8EDD574678A}.Debug|Any CPU.ActiveCfg = Debug|Any CPU
		{C26A7233-AB79-4B4E-95E7-F8EDD574678A}.Debug|Any CPU.Build.0 = Debug|Any CPU
		{C26A7233-AB79-4B4E-95E7-F8EDD574678A}.Release|Any CPU.ActiveCfg = Release|Any CPU
		{C26A7233-AB79-4B4E-95E7-F8EDD574678A}.Release|Any CPU.Build.0 = Release|Any CPU
		{10EC6EED-7A13-4D3F-894E-B62CBD7AF791}.Debug|Any CPU.ActiveCfg = Debug|Any CPU
		{10EC6EED-7A13-4D3F-894E-B62CBD7AF791}.Debug|Any CPU.Build.0 = Debug|Any CPU
		{10EC6EED-7A13-4D3F-894E-B62CBD7AF791}.Release|Any CPU.ActiveCfg = Release|Any CPU
		{10EC6EED-7A13-4D3F-894E-B62CBD7AF791}.Release|Any CPU.Build.0 = Release|Any CPU
		{997F6774-6E54-410F-8E33-DD4A0AD43861}.Debug|Any CPU.ActiveCfg = Debug|Any CPU
		{997F6774-6E54-410F-8E33-DD4A0AD43861}.Debug|Any CPU.Build.0 = Debug|Any CPU
		{997F6774-6E54-410F-8E33-DD4A0AD43861}.Release|Any CPU.ActiveCfg = Release|Any CPU
		{997F6774-6E54-410F-8E33-DD4A0AD43861}.Release|Any CPU.Build.0 = Release|Any CPU
		{DD8B685B-C2C6-4D12-8A63-603B46D38B0A}.Debug|Any CPU.ActiveCfg = Debug|Any CPU
		{DD8B685B-C2C6-4D12-8A63-603B46D38B0A}.Debug|Any CPU.Build.0 = Debug|Any CPU
		{DD8B685B-C2C6-4D12-8A63-603B46D38B0A}.Release|Any CPU.ActiveCfg = Release|Any CPU
		{DD8B685B-C2C6-4D12-8A63-603B46D38B0A}.Release|Any CPU.Build.0 = Release|Any CPU
		{E79E5014-D455-4966-92CF-5F7D3DF3A25F}.Debug|Any CPU.ActiveCfg = Debug|Any CPU
		{E79E5014-D455-4966-92CF-5F7D3DF3A25F}.Debug|Any CPU.Build.0 = Debug|Any CPU
		{E79E5014-D455-4966-92CF-5F7D3DF3A25F}.Release|Any CPU.ActiveCfg = Release|Any CPU
		{E79E5014-D455-4966-92CF-5F7D3DF3A25F}.Release|Any CPU.Build.0 = Release|Any CPU
		{9501C346-B9DA-4C27-8AC2-85C627758290}.Debug|Any CPU.ActiveCfg = Debug|Any CPU
		{9501C346-B9DA-4C27-8AC2-85C627758290}.Debug|Any CPU.Build.0 = Debug|Any CPU
		{9501C346-B9DA-4C27-8AC2-85C627758290}.Release|Any CPU.ActiveCfg = Release|Any CPU
		{9501C346-B9DA-4C27-8AC2-85C627758290}.Release|Any CPU.Build.0 = Release|Any CPU
		{5477F7BD-20FE-48D0-9753-7F6E4B786158}.Debug|Any CPU.ActiveCfg = Debug|Any CPU
		{5477F7BD-20FE-48D0-9753-7F6E4B786158}.Debug|Any CPU.Build.0 = Debug|Any CPU
		{5477F7BD-20FE-48D0-9753-7F6E4B786158}.Release|Any CPU.ActiveCfg = Release|Any CPU
		{5477F7BD-20FE-48D0-9753-7F6E4B786158}.Release|Any CPU.Build.0 = Release|Any CPU
		{01D4532D-FE0E-44C8-B9DF-4BADF475811F}.Debug|Any CPU.ActiveCfg = Debug|Any CPU
		{01D4532D-FE0E-44C8-B9DF-4BADF475811F}.Debug|Any CPU.Build.0 = Debug|Any CPU
		{01D4532D-FE0E-44C8-B9DF-4BADF475811F}.Release|Any CPU.ActiveCfg = Release|Any CPU
		{01D4532D-FE0E-44C8-B9DF-4BADF475811F}.Release|Any CPU.Build.0 = Release|Any CPU
		{4865FE6A-B77B-46B1-A062-69342D9E5E8F}.Debug|Any CPU.ActiveCfg = Debug|Any CPU
		{4865FE6A-B77B-46B1-A062-69342D9E5E8F}.Debug|Any CPU.Build.0 = Debug|Any CPU
		{4865FE6A-B77B-46B1-A062-69342D9E5E8F}.Release|Any CPU.ActiveCfg = Release|Any CPU
		{4865FE6A-B77B-46B1-A062-69342D9E5E8F}.Release|Any CPU.Build.0 = Release|Any CPU
	EndGlobalSection
	GlobalSection(SolutionProperties) = preSolution
		HideSolutionNode = FALSE
	EndGlobalSection
	GlobalSection(ExtensibilityGlobals) = postSolution
		SolutionGuid = {C8B86CBC-2BA2-4FFE-8936-475DEAFF6BF4}
	EndGlobalSection
EndGlobal
